
Microsoft Visual Studio Solution File, Format Version 12.00
# Visual Studio 14
VisualStudioVersion = 14.0.25420.1
MinimumVisualStudioVersion = 10.0.40219.1
Project("{8BC9CEB8-8B4A-11D0-8D11-00A0C91BC942}") = "LittleWin", "LittleWin\LittleWin.vcxproj", "{8C73FEEE-1EAD-42B6-B9CF-6031CDF4E4CA}"
	ProjectSection(ProjectDependencies) = postProject
		{649AC92D-3619-442A-8295-40D92FC681B9} = {649AC92D-3619-442A-8295-40D92FC681B9}
		{3EC56E81-ED23-430E-AE3E-7178D20F0553} = {3EC56E81-ED23-430E-AE3E-7178D20F0553}
		{487C6AAA-16E9-4FA1-8E7A-57127AC369B6} = {487C6AAA-16E9-4FA1-8E7A-57127AC369B6}
	EndProjectSection
EndProject
Project("{8BC9CEB8-8B4A-11D0-8D11-00A0C91BC942}") = "NetworkUtils", "NetworkUtils\NetworkUtils.vcxproj", "{487C6AAA-16E9-4FA1-8E7A-57127AC369B6}"
EndProject
Project("{8BC9CEB8-8B4A-11D0-8D11-00A0C91BC942}") = "CommonUtils", "CommonUtils\CommonUtils.vcxproj", "{3EC56E81-ED23-430E-AE3E-7178D20F0553}"
EndProject
Project("{8BC9CEB8-8B4A-11D0-8D11-00A0C91BC942}") = "LittleProxyApp", "LittleProxyApp\LittleProxyApp.vcxproj", "{EF76401C-C70D-4A7D-BD18-2777BDEB08F8}"
EndProject
Project("{8BC9CEB8-8B4A-11D0-8D11-00A0C91BC942}") = "LspOperate", "LspOperate\LspOperate.vcxproj", "{649AC92D-3619-442A-8295-40D92FC681B9}"
EndProject
Project("{8BC9CEB8-8B4A-11D0-8D11-00A0C91BC942}") = "LittleLsp", "LittleLsp\LittleLsp.vcxproj", "{E2215319-150D-435A-A0A6-7F649814268B}"
	ProjectSection(ProjectDependencies) = postProject
		{649AC92D-3619-442A-8295-40D92FC681B9} = {649AC92D-3619-442A-8295-40D92FC681B9}
		{3EC56E81-ED23-430E-AE3E-7178D20F0553} = {3EC56E81-ED23-430E-AE3E-7178D20F0553}
	EndProjectSection
EndProject
Project("{8BC9CEB8-8B4A-11D0-8D11-00A0C91BC942}") = "LittleLspImpl", "LittleLspImpl\LittleLspImpl.vcxproj", "{527D6303-DA26-4B06-9BEA-7420ED97468B}"
	ProjectSection(ProjectDependencies) = postProject
		{649AC92D-3619-442A-8295-40D92FC681B9} = {649AC92D-3619-442A-8295-40D92FC681B9}
	EndProjectSection
EndProject
Project("{8BC9CEB8-8B4A-11D0-8D11-00A0C91BC942}") = "UdpUnitTest", "UdpUnitTest\UdpUnitTest.vcxproj", "{64299A99-0635-414F-AACB-E648EBC154C3}"
EndProject
Project("{2150E333-8FDC-42A3-9474-1A3956D46DE8}") = "Common", "Common", "{43B41865-497C-4E97-A6BE-E4E8BE08C3B1}"
EndProject
Project("{2150E333-8FDC-42A3-9474-1A3956D46DE8}") = "Tools", "Tools", "{E9F8DD3B-E86B-4AE1-89FF-74FD4005D10C}"
EndProject
Global
	GlobalSection(SolutionConfigurationPlatforms) = preSolution
		Debug|x64 = Debug|x64
		Debug|x86 = Debug|x86
		Release|x64 = Release|x64
		Release|x86 = Release|x86
	EndGlobalSection
	GlobalSection(ProjectConfigurationPlatforms) = postSolution
		{8C73FEEE-1EAD-42B6-B9CF-6031CDF4E4CA}.Debug|x64.ActiveCfg = Debug|x64
		{8C73FEEE-1EAD-42B6-B9CF-6031CDF4E4CA}.Debug|x64.Build.0 = Debug|x64
		{8C73FEEE-1EAD-42B6-B9CF-6031CDF4E4CA}.Debug|x86.ActiveCfg = Debug|Win32
		{8C73FEEE-1EAD-42B6-B9CF-6031CDF4E4CA}.Debug|x86.Build.0 = Debug|Win32
		{8C73FEEE-1EAD-42B6-B9CF-6031CDF4E4CA}.Release|x64.ActiveCfg = Release|x64
		{8C73FEEE-1EAD-42B6-B9CF-6031CDF4E4CA}.Release|x64.Build.0 = Release|x64
		{8C73FEEE-1EAD-42B6-B9CF-6031CDF4E4CA}.Release|x86.ActiveCfg = Release|Win32
		{8C73FEEE-1EAD-42B6-B9CF-6031CDF4E4CA}.Release|x86.Build.0 = Release|Win32
		{487C6AAA-16E9-4FA1-8E7A-57127AC369B6}.Debug|x64.ActiveCfg = Debug|x64
		{487C6AAA-16E9-4FA1-8E7A-57127AC369B6}.Debug|x64.Build.0 = Debug|x64
		{487C6AAA-16E9-4FA1-8E7A-57127AC369B6}.Debug|x86.ActiveCfg = Debug|Win32
		{487C6AAA-16E9-4FA1-8E7A-57127AC369B6}.Debug|x86.Build.0 = Debug|Win32
		{487C6AAA-16E9-4FA1-8E7A-57127AC369B6}.Release|x64.ActiveCfg = Release|x64
		{487C6AAA-16E9-4FA1-8E7A-57127AC369B6}.Release|x64.Build.0 = Release|x64
		{487C6AAA-16E9-4FA1-8E7A-57127AC369B6}.Release|x86.ActiveCfg = Release|Win32
		{487C6AAA-16E9-4FA1-8E7A-57127AC369B6}.Release|x86.Build.0 = Release|Win32
		{3EC56E81-ED23-430E-AE3E-7178D20F0553}.Debug|x64.ActiveCfg = Debug|x64
		{3EC56E81-ED23-430E-AE3E-7178D20F0553}.Debug|x64.Build.0 = Debug|x64
		{3EC56E81-ED23-430E-AE3E-7178D20F0553}.Debug|x86.ActiveCfg = Debug|Win32
		{3EC56E81-ED23-430E-AE3E-7178D20F0553}.Debug|x86.Build.0 = Debug|Win32
		{3EC56E81-ED23-430E-AE3E-7178D20F0553}.Release|x64.ActiveCfg = Release|x64
		{3EC56E81-ED23-430E-AE3E-7178D20F0553}.Release|x64.Build.0 = Release|x64
		{3EC56E81-ED23-430E-AE3E-7178D20F0553}.Release|x86.ActiveCfg = Release|Win32
		{3EC56E81-ED23-430E-AE3E-7178D20F0553}.Release|x86.Build.0 = Release|Win32
		{EF76401C-C70D-4A7D-BD18-2777BDEB08F8}.Debug|x64.ActiveCfg = Debug|x64
		{EF76401C-C70D-4A7D-BD18-2777BDEB08F8}.Debug|x64.Build.0 = Debug|x64
		{EF76401C-C70D-4A7D-BD18-2777BDEB08F8}.Debug|x86.ActiveCfg = Debug|Win32
		{EF76401C-C70D-4A7D-BD18-2777BDEB08F8}.Debug|x86.Build.0 = Debug|Win32
		{EF76401C-C70D-4A7D-BD18-2777BDEB08F8}.Release|x64.ActiveCfg = Release|x64
		{EF76401C-C70D-4A7D-BD18-2777BDEB08F8}.Release|x64.Build.0 = Release|x64
		{EF76401C-C70D-4A7D-BD18-2777BDEB08F8}.Release|x86.ActiveCfg = Release|Win32
		{EF76401C-C70D-4A7D-BD18-2777BDEB08F8}.Release|x86.Build.0 = Release|Win32
		{649AC92D-3619-442A-8295-40D92FC681B9}.Debug|x64.ActiveCfg = Debug|x64
		{649AC92D-3619-442A-8295-40D92FC681B9}.Debug|x64.Build.0 = Debug|x64
		{649AC92D-3619-442A-8295-40D92FC681B9}.Debug|x86.ActiveCfg = Debug|Win32
		{649AC92D-3619-442A-8295-40D92FC681B9}.Debug|x86.Build.0 = Debug|Win32
		{649AC92D-3619-442A-8295-40D92FC681B9}.Release|x64.ActiveCfg = Release|x64
		{649AC92D-3619-442A-8295-40D92FC681B9}.Release|x64.Build.0 = Release|x64
		{649AC92D-3619-442A-8295-40D92FC681B9}.Release|x86.ActiveCfg = Release|Win32
		{649AC92D-3619-442A-8295-40D92FC681B9}.Release|x86.Build.0 = Release|Win32
		{E2215319-150D-435A-A0A6-7F649814268B}.Debug|x64.ActiveCfg = Debug|x64
		{E2215319-150D-435A-A0A6-7F649814268B}.Debug|x64.Build.0 = Debug|x64
		{E2215319-150D-435A-A0A6-7F649814268B}.Debug|x86.ActiveCfg = Debug|Win32
		{E2215319-150D-435A-A0A6-7F649814268B}.Debug|x86.Build.0 = Debug|Win32
		{E2215319-150D-435A-A0A6-7F649814268B}.Release|x64.ActiveCfg = Release|x64
		{E2215319-150D-435A-A0A6-7F649814268B}.Release|x64.Build.0 = Release|x64
		{E2215319-150D-435A-A0A6-7F649814268B}.Release|x86.ActiveCfg = Release|Win32
		{E2215319-150D-435A-A0A6-7F649814268B}.Release|x86.Build.0 = Release|Win32
		{527D6303-DA26-4B06-9BEA-7420ED97468B}.Debug|x64.ActiveCfg = Debug|x64
		{527D6303-DA26-4B06-9BEA-7420ED97468B}.Debug|x64.Build.0 = Debug|x64
		{527D6303-DA26-4B06-9BEA-7420ED97468B}.Debug|x86.ActiveCfg = Debug|Win32
		{527D6303-DA26-4B06-9BEA-7420ED97468B}.Debug|x86.Build.0 = Debug|Win32
		{527D6303-DA26-4B06-9BEA-7420ED97468B}.Release|x64.ActiveCfg = Release|x64
		{527D6303-DA26-4B06-9BEA-7420ED97468B}.Release|x64.Build.0 = Release|x64
		{527D6303-DA26-4B06-9BEA-7420ED97468B}.Release|x86.ActiveCfg = Release|Win32
		{527D6303-DA26-4B06-9BEA-7420ED97468B}.Release|x86.Build.0 = Release|Win32
		{64299A99-0635-414F-AACB-E648EBC154C3}.Debug|x64.ActiveCfg = Debug|x64
		{64299A99-0635-414F-AACB-E648EBC154C3}.Debug|x64.Build.0 = Debug|x64
		{64299A99-0635-414F-AACB-E648EBC154C3}.Debug|x86.ActiveCfg = Debug|Win32
		{64299A99-0635-414F-AACB-E648EBC154C3}.Debug|x86.Build.0 = Debug|Win32
		{64299A99-0635-414F-AACB-E648EBC154C3}.Release|x64.ActiveCfg = Release|x64
		{64299A99-0635-414F-AACB-E648EBC154C3}.Release|x64.Build.0 = Release|x64
		{64299A99-0635-414F-AACB-E648EBC154C3}.Release|x86.ActiveCfg = Release|Win32
		{64299A99-0635-414F-AACB-E648EBC154C3}.Release|x86.Build.0 = Release|Win32
	EndGlobalSection
	GlobalSection(SolutionProperties) = preSolution
		HideSolutionNode = FALSE
	EndGlobalSection
	GlobalSection(NestedProjects) = preSolution
		{487C6AAA-16E9-4FA1-8E7A-57127AC369B6} = {43B41865-497C-4E97-A6BE-E4E8BE08C3B1}
		{3EC56E81-ED23-430E-AE3E-7178D20F0553} = {43B41865-497C-4E97-A6BE-E4E8BE08C3B1}
		{64299A99-0635-414F-AACB-E648EBC154C3} = {E9F8DD3B-E86B-4AE1-89FF-74FD4005D10C}
	EndGlobalSection
EndGlobal
